
Microsoft Visual Studio Solution File, Format Version 12.00
# Visual Studio Version 16
VisualStudioVersion = 16.0.32901.82
MinimumVisualStudioVersion = 10.0.40219.1
Project("{FAE04EC0-301F-11D3-BF4B-00C04F79EFBC}") = "bodlogo_3", "bodlogo_3\bodlogo_3.csproj", "{1AF5324E-0781-4126-815A-ECA8E114486B}"
EndProject
Global
	GlobalSection(SolutionConfigurationPlatforms) = preSolution
		Debug|Any CPU = Debug|Any CPU
		Release|Any CPU = Release|Any CPU
	EndGlobalSection
	GlobalSection(ProjectConfigurationPlatforms) = postSolution
		{1AF5324E-0781-4126-815A-ECA8E114486B}.Debug|Any CPU.ActiveCfg = Debug|Any CPU
		{1AF5324E-0781-4126-815A-ECA8E114486B}.Debug|Any CPU.Build.0 = Debug|Any CPU
		{1AF5324E-0781-4126-815A-ECA8E114486B}.Release|Any CPU.ActiveCfg = Release|Any CPU
		{1AF5324E-0781-4126-815A-ECA8E114486B}.Release|Any CPU.Build.0 = Release|Any CPU
	EndGlobalSection
	GlobalSection(SolutionProperties) = preSolution
		HideSolutionNode = FALSE
	EndGlobalSection
	GlobalSection(ExtensibilityGlobals) = postSolution
		SolutionGuid = {F86FEEC5-F79D-43FD-BEE9-9A379D8DBD5E}
	EndGlobalSection
EndGlobal
